github.com/bjarneh/latinx v0.0.0-20120329061922-4dfe9ba2a293 h1:kQGfMtLkjk7aSGf4REldBRcip+25SRGmOWHHjGaZZXM=
github.com/bjarneh/latinx v0.0.0-20120329061922-4dfe9ba2a293/go.mod h1:HdstVrPoCN+CT+wHjeU6juUog6IM+EShcDoARBbc7cU=
github.com/boombuler/barcode v1.0.2 h1:79yrbttoZrLGkL/oOI8hBrUKucwOL0oOjUgEguGMcJ4=
github.com/boombuler/barcode v1.0.2/go.mod h1:paBWMcWSl3LHKBqUq+rly7CNSldXjb2rDl3JlRe0mD8=
github.com/mect/go-escpos v0.0.0-20240725094433-67b291810113 h1:hsP+QXzP/HTvDWzKY+1b6oNB8cEcj+LIwCSFJeBEQBc=
github.com/mect/go-escpos v0.0.0-20240725094433-67b291810113/go.mod h1:MZ+cKP2Ohhaw/gkQB+Uq5kOZu+mK2d38Y115YM87p3Y=
golang.org/x/text v0.28.0 h1:rhazDwis8INMIwQ4tpjLDzUhx6RlXqZNPEM0huQojng=
golang.org/x/text v0.28.0/go.mod h1:U8nCwOR8jO/marOQ0QbDiOngZVEBB7MAiitBuMjXiNU=
